
Microsoft Visual Studio Solution File, Format Version 12.00
# Visual Studio Version 16
VisualStudioVersion = 16.0.29519.87
MinimumVisualStudioVersion = 10.0.40219.1
Project("{888888A0-9F3D-457C-B088-3A5042F75D52}") = "WS19_G6_LevenshteinDistance", "WS19_G6_LevenshteinDistance\WS19_G6_LevenshteinDistance.pyproj", "{EBA232EF-3D31-454A-8E27-F0A0B86F8AFF}"
EndProject
Global
	GlobalSection(SolutionConfigurationPlatforms) = preSolution
		Debug|Any CPU = Debug|Any CPU
		Release|Any CPU = Release|Any CPU
	EndGlobalSection
	GlobalSection(ProjectConfigurationPlatforms) = postSolution
		{EBA232EF-3D31-454A-8E27-F0A0B86F8AFF}.Debug|Any CPU.ActiveCfg = Debug|Any CPU
		{EBA232EF-3D31-454A-8E27-F0A0B86F8AFF}.Release|Any CPU.ActiveCfg = Release|Any CPU
	EndGlobalSection
	GlobalSection(SolutionProperties) = preSolution
		HideSolutionNode = FALSE
	EndGlobalSection
	GlobalSection(ExtensibilityGlobals) = postSolution
		SolutionGuid = {CBE9DD94-D741-48EE-A421-7C899E9B7211}
	EndGlobalSection
EndGlobal
